version = "0"

[dependency]
  base_sdk = [{ installer = "conan", ref = "base_sdk/2025.12.1@silabs#9c6a4fb145610bc3ecddcc4032486e16", type = "sdk", version = "2025.12.1" }]
  board_drivers = [{ installer = "conan", ref = "board_drivers/1.0.0@silabs#c71c5dd245bbe537b5df0da000a75ada", type = "sdk", version = "1.0.0" }]
  boards = [{ installer = "conan", ref = "boards/1.0.1@silabs#53e178bfc1da0bbcac07d638c7f5f94d", type = "sdk", version = "1.0.1" }]
  bootloader = [{ installer = "conan", ref = "bootloader/1.0.0@silabs#a14ef1efe4eaebe2b808f67d39b47e64", type = "sdk", version = "1.0.0" }]
  bootloader_interface = [{ installer = "conan", ref = "bootloader_interface/1.0.0@silabs#e11c6be20259313d2234c269ab8e8f85", type = "sdk", version = "1.0.0" }]
  bootloader_interface_trustzone = [{ installer = "conan", ref = "bootloader_interface_trustzone/1.0.0@silabs#240c32d299b55a07da701baf538d8343", type = "sdk", version = "1.0.0" }]
  cmsis = [{ installer = "conan", ref = "cmsis/1.0.0@silabs#65c0fc6caaaa240bcb00c31a4a5de5eb", type = "sdk", version = "1.0.0" }]
  cmsis_common = [{ installer = "conan", ref = "cmsis_common/1.0.0@silabs#b2e3b413f4736f92da1f0e8ee0bb0a91", type = "sdk", version = "1.0.0" }]
  commander = [{ installer = "archive", type = "apack", version = "1.22.0" }]
  coremark = [{ installer = "conan", ref = "coremark/1.0.0@silabs#343a2e008990521d9be761680522b4ea", type = "sdk", version = "1.0.0" }]
  cpc = [{ installer = "conan", ref = "cpc/4.8.1@silabs#2aa349db7ecd1365a348bac4fc2bbfe82fab72d0", type = "sdk", version = "4.8.1" }]
  cslib = [{ installer = "conan", ref = "cslib/1.0.0@silabs#1698b7d934684a29cea629f83ec539ea", type = "sdk", version = "1.0.0" }]
  delta_dfu = [{ installer = "conan", ref = "delta_dfu/1.1.0@silabs#1ebba4a316f35b36228125a8942d772c72943ec6", type = "sdk", version = "1.1.0" }]
  devices = [{ installer = "conan", ref = "devices/1.0.1@silabs#d59f033ada22d16ff7ff41f7e92fb750", type = "sdk", version = "1.0.1" }]
  freertos = [{ installer = "conan", ref = "freertos/1.0.0@silabs#2a60d5f8849a3e0e6d92b760cdd1e846", type = "sdk", version = "1.0.0" }]
  gcc-arm-none-eabi = [{ installer = "conan", ref = "gcc-arm-none-eabi/12.2.rel1@silabs#ae1178bdc0132d9a4ecbdda761d086ea", type = "toolchain", version = "12.2.rel1" }]
  glib = [{ installer = "conan", ref = "glib/1.0.0@silabs#939887fee635ec153f39ef5df3d79a63", type = "sdk", version = "1.0.0" }]
  java21 = [{ installer = "archive", type = "tools", version = "21.0.5" }]
  micriumos = [{ installer = "conan", ref = "micriumos/6.0.0@silabs#e8fc82403d9c4266a3d89bdebb7970ce", type = "sdk", version = "6.0.0" }]
  pintool = [{ installer = "conan", ref = "pintool/1.0.1@silabs#bc83210e94d049efdf273b425c42b867", type = "sdk", version = "1.0.1" }]
  platform = [{ installer = "conan", ref = "platform/6.0.1-alpha.4@silabs#fda2e8f6337c8fa80c8256b520dd215b", type = "sdk", version = "6.0.1-alpha.4" }]
  platform_common = [{ installer = "conan", ref = "platform_common/1.0.0@silabs#f79798df6e82afa6cf45733e371e7f7a", type = "sdk", version = "1.0.0" }]
  platform_common_apps = [{ installer = "conan", ref = "platform_common_apps/1.0.1@silabs#84ba8ce46c6c9b53607f0c563bf6aba1", type = "sdk", version = "1.0.1" }]
  platform_core = [{ installer = "conan", ref = "platform_core/1.0.1@silabs#c6308261fdf7f6ce26c3ff61da07ca3b", type = "sdk", version = "1.0.1" }]
  printf = [{ installer = "conan", ref = "printf/1.0.0@silabs#271eb7b8622d329a952f23063eab689f", type = "sdk", version = "1.0.0" }]
  python = [{ installer = "archive", type = "apack", version = "3.10.1" }]
  security_libcryptosoc = [{ installer = "conan", ref = "security_libcryptosoc/1.0.0@silabs#8cb05dfad408387f87d20937b51ae748", type = "sdk", version = "1.0.0" }]
  security_mbedtls = [{ installer = "conan", ref = "security_mbedtls/1.0.1@silabs#e2056b55cf5deb509cd11d6b1587a8b2", type = "sdk", version = "1.0.1" }]
  security_mbedtls_source = [{ installer = "conan", ref = "security_mbedtls_source/1.0.0@silabs#03a8817c55e8ba0ab4081aedab5e2871", type = "sdk", version = "1.0.0" }]
  security_se_cpc = [{ installer = "conan", ref = "security_se_cpc/1.0.0@silabs#4ed3f5f4378ece9392a2101f9fde22eb", type = "sdk", version = "1.0.0" }]
  security_se_manager = [{ installer = "conan", ref = "security_se_manager/1.0.0@silabs#83240cad50679a98b0fa58beb6cfcb4d", type = "sdk", version = "1.0.0" }]
  security_sxsymcrypt = [{ installer = "conan", ref = "security_sxsymcrypt/1.0.0@silabs#40ab24f6dd287a5ce0075db8e7a7a0a4", type = "sdk", version = "1.0.0" }]
  security_tfm = [{ installer = "conan", ref = "security_tfm/1.0.0@silabs#ee201c6fc20159d3a9bd894cf0cd9c77", type = "sdk", version = "1.0.0" }]
  security_trustzone = [{ installer = "conan", ref = "security_trustzone/1.0.0@silabs#9e7dc30daa3687092d356655c7cfa720", type = "sdk", version = "1.0.0" }]
  segger = [{ installer = "conan", ref = "segger/1.0.0@silabs#901f94a7ccbf625ff842620588fc97eb", type = "sdk", version = "1.0.0" }]
  slc-cli = [{ installer = "archive", type = "tools", version = "6.0.15" }]
  unity_test_framework = [{ installer = "conan", ref = "unity_test_framework/1.0.0@silabs#15ec9106afe49c1e9f9e7d642ff3b005", type = "sdk", version = "1.0.0" }]
  usb = [{ installer = "conan", ref = "usb/1.0.0@silabs#2f2b99e92eb9521760434d959b624896", type = "sdk", version = "1.0.0" }]

[engine]
  conan-repos = [
    "https://artifactory.silabs.net/artifactory/api/conan/cpc-conan-sqa",
    "https://artifactory-local.silabs.net/artifactory/api/conan/silabs-conan-production",
    "https://conan.silabs.net",
  ]
