version = "0"

[dependency]
  base_sdk = [{ installer = "conan", ref = "base_sdk/2025.12.2@silabs#f878783f397157bfa59e3e3cd2edaf4b", type = "sdk", version = "2025.12.2" }]
  bgapi_protocol = [{ installer = "conan", ref = "bgapi_protocol/11.0.1-beta.2@silabs#0e13429e7e81a95e114b505310a8b716dee7e936", type = "sdk", version = "11.0.1-beta.2" }]
  bluetooth_bgbuild = [{ installer = "conan", ref = "bluetooth_bgbuild/11.0.1-beta.2@silabs#0e13429e7e81a95e114b505310a8b716dee7e936", type = "sdk", version = "11.0.1-beta.2" }]
  bluetooth_common = [{ installer = "conan", ref = "bluetooth_common/1.0.1-beta.2@silabs#0e13429e7e81a95e114b505310a8b716dee7e936", type = "sdk", version = "1.0.1-beta.2" }]
  bluetooth_le_controller = [{ installer = "conan", ref = "bluetooth_le_controller/11.0.1-beta.2@silabs#0e13429e7e81a95e114b505310a8b716dee7e936", type = "sdk", version = "11.0.1-beta.2" }]
  bluetooth_le_host = [{ installer = "conan", ref = "bluetooth_le_host/11.0.1-beta.2@silabs#0e13429e7e81a95e114b505310a8b716dee7e936", type = "sdk", version = "11.0.1-beta.2" }]
  board_drivers = [{ installer = "conan", ref = "board_drivers/1.0.1@silabs#4d5c70bae96f3915e990256e8f6828ef", type = "sdk", version = "1.0.1" }]
  boards = [{ installer = "conan", ref = "boards/1.0.1@silabs#0c7ef3a0ef24f1fdf5fc716227188a04", type = "sdk", version = "1.0.1" }]
  bootloader = [{ installer = "conan", ref = "bootloader/1.0.1@silabs#871697f182cb2405d35f69742a987479", type = "sdk", version = "1.0.1" }]
  bootloader_interface = [{ installer = "conan", ref = "bootloader_interface/1.0.1@silabs#ec002e7e8369ef217d5d8923c94d1f61", type = "sdk", version = "1.0.1" }]
  bootloader_interface_trustzone = [{ installer = "conan", ref = "bootloader_interface_trustzone/1.0.0@silabs#240c32d299b55a07da701baf538d8343", type = "sdk", version = "1.0.0" }]
  cmsis = [{ installer = "conan", ref = "cmsis/1.0.0@silabs#65c0fc6caaaa240bcb00c31a4a5de5eb", type = "sdk", version = "1.0.0" }]
  cmsis_common = [{ installer = "conan", ref = "cmsis_common/1.0.0@silabs#b2e3b413f4736f92da1f0e8ee0bb0a91", type = "sdk", version = "1.0.0" }]
  commander = [{ installer = "archive", type = "apack", version = "1.23.0" }]
  common_15_4 = [{ installer = "conan", ref = "common_15_4/1.0.1-alpha.1@silabs#c83b5f9efd60df87a171147337ea6d98b3501bb0", type = "sdk", version = "1.0.1-alpha.1" }]
  coremark = [{ installer = "conan", ref = "coremark/1.0.1@silabs#5de091b72c250a01909be9fae877c784", type = "sdk", version = "1.0.1" }]
  delta_dfu = [{ installer = "conan", ref = "delta_dfu/1.1.0@silabs#1ebba4a316f35b36228125a8942d772c72943ec6", type = "sdk", version = "1.1.0" }]
  devices = [{ installer = "conan", ref = "devices/1.0.1@silabs#087c7304eadb1a49588d0336c23f2fac", type = "sdk", version = "1.0.1" }]
  freertos = [{ installer = "conan", ref = "freertos/1.0.0@silabs#2a60d5f8849a3e0e6d92b760cdd1e846", type = "sdk", version = "1.0.0" }]
  gcc-arm-none-eabi = [{ installer = "conan", ref = "gcc-arm-none-eabi/12.2.rel1@silabs#ae1178bdc0132d9a4ecbdda761d086ea", type = "toolchain", version = "12.2.rel1" }]
  glib = [{ installer = "conan", ref = "glib/1.0.0@silabs#939887fee635ec153f39ef5df3d79a63", type = "sdk", version = "1.0.0" }]
  java21 = [{ installer = "archive", type = "tools", version = "21.0.5" }]
  micriumos = [{ installer = "conan", ref = "micriumos/6.0.0@silabs#e8fc82403d9c4266a3d89bdebb7970ce", type = "sdk", version = "6.0.0" }]
  multiprotocol = [{ installer = "conan", ref = "multiprotocol/1.0.1-beta.4@silabs#d2ca251406bc7d4e059ff1a401d32c9292ca65c5", type = "sdk", version = "1.0.1-beta.4" }]
  pintool = [{ installer = "conan", ref = "pintool/1.0.1@silabs#4203e79b2ff611ee4e2f6d0716f1547d", type = "sdk", version = "1.0.1" }]
  platform = [{ installer = "conan", ref = "platform/6.0.1-beta.12@silabs#292f26ac33e90b219c22fa2b9fcaa390", type = "sdk", version = "6.0.1-beta.12" }]
  platform_common = [{ installer = "conan", ref = "platform_common/1.0.1@silabs#69cf7666e2f37659cd07c186d020a499", type = "sdk", version = "1.0.1" }]
  platform_common_apps = [{ installer = "conan", ref = "platform_common_apps/1.0.1@silabs#84ba8ce46c6c9b53607f0c563bf6aba1", type = "sdk", version = "1.0.1" }]
  platform_core = [{ installer = "conan", ref = "platform_core/1.0.1@silabs#ece65529eb7d439bbc5a16e0f6647d6a", type = "sdk", version = "1.0.1" }]
  printf = [{ installer = "conan", ref = "printf/1.0.0@silabs#271eb7b8622d329a952f23063eab689f", type = "sdk", version = "1.0.0" }]
  python = [{ installer = "archive", type = "apack", version = "3.10.1" }]
  rail_library = [{ installer = "conan", ref = "rail_library/3.0.1-alpha.28@silabs#1e52ac9d06e44f6c4d271b426a178557d2bcd25e", type = "sdk", version = "3.0.1-alpha.28" }]
  security_libcryptosoc = [{ installer = "conan", ref = "security_libcryptosoc/1.0.0@silabs#8cb05dfad408387f87d20937b51ae748", type = "sdk", version = "1.0.0" }]
  security_mbedtls = [{ installer = "conan", ref = "security_mbedtls/1.0.1@silabs#7935349fbdb742554f449f4f10db180d", type = "sdk", version = "1.0.1" }]
  security_mbedtls_source = [{ installer = "conan", ref = "security_mbedtls_source/1.0.1@silabs#6761c45a89d0301f458b7cb41b057ddd", type = "sdk", version = "1.0.1" }]
  security_se_cpc = [{ installer = "conan", ref = "security_se_cpc/1.0.0@silabs#4ed3f5f4378ece9392a2101f9fde22eb", type = "sdk", version = "1.0.0" }]
  security_se_manager = [{ installer = "conan", ref = "security_se_manager/1.0.1@silabs#807843caeef47b38f33dc837d76b741b", type = "sdk", version = "1.0.1" }]
  security_sxsymcrypt = [{ installer = "conan", ref = "security_sxsymcrypt/1.0.0@silabs#40ab24f6dd287a5ce0075db8e7a7a0a4", type = "sdk", version = "1.0.0" }]
  security_tfm = [{ installer = "conan", ref = "security_tfm/1.0.0@silabs#ee201c6fc20159d3a9bd894cf0cd9c77", type = "sdk", version = "1.0.0" }]
  security_trustzone = [{ installer = "conan", ref = "security_trustzone/1.0.1@silabs#250d81a8e08efdfbe454eb663e9ff2b8", type = "sdk", version = "1.0.1" }]
  segger = [{ installer = "conan", ref = "segger/1.0.0@silabs#901f94a7ccbf625ff842620588fc97eb", type = "sdk", version = "1.0.0" }]
  slc-cli = [{ installer = "archive", type = "tools", version = "6.0.17" }]
  unity_test_framework = [{ installer = "conan", ref = "unity_test_framework/1.0.0@silabs#15ec9106afe49c1e9f9e7d642ff3b005", type = "sdk", version = "1.0.0" }]
  usb = [{ installer = "conan", ref = "usb/1.0.1@silabs#1b53dc9181c7f75d0b6db1105919129c", type = "sdk", version = "1.0.1" }]
  zap = [{ installer = "archive", type = "apack", version = "2025.12.02" }]
  zigbee = [{ installer = "conan", ref = "zigbee/9.0.1-beta.6@silabs#db39a4642a0f90869bfc62d9b2d52634affd6e86", type = "sdk", version = "9.0.1-beta.6" }]

[engine]
  conan-repos = [
    "https://artifactory.silabs.net/artifactory/api/conan/silabs-conan-production",
    "https://artifactory.silabs.net/artifactory/api/conan/nwk-15-4-conan-dev",
    "https://conan.silabs.net",
  ]
